
Microsoft Visual Studio Solution File, Format Version 12.00
# Visual Studio Version 17
VisualStudioVersion = 17.10.35013.160
MinimumVisualStudioVersion = 10.0.40219.1
Project("{9A19103F-16F7-4668-BE54-9A1E7A4F7556}") = "ClassicASP.NUglify", "ClassicASP.NUglify.csproj", "{5623DCB5-94A7-4635-B0E4-55F4101CAE10}"
EndProject
Global
	GlobalSection(SolutionConfigurationPlatforms) = preSolution
		Debug|Any CPU = Debug|Any CPU
		Release|Any CPU = Release|Any CPU
	EndGlobalSection
	GlobalSection(ProjectConfigurationPlatforms) = postSolution
		{5623DCB5-94A7-4635-B0E4-55F4101CAE10}.Debug|Any CPU.ActiveCfg = Debug|Any CPU
		{5623DCB5-94A7-4635-B0E4-55F4101CAE10}.Debug|Any CPU.Build.0 = Debug|Any CPU
		{5623DCB5-94A7-4635-B0E4-55F4101CAE10}.Release|Any CPU.ActiveCfg = Release|Any CPU
		{5623DCB5-94A7-4635-B0E4-55F4101CAE10}.Release|Any CPU.Build.0 = Release|Any CPU
	EndGlobalSection
	GlobalSection(SolutionProperties) = preSolution
		HideSolutionNode = FALSE
	EndGlobalSection
	GlobalSection(ExtensibilityGlobals) = postSolution
		SolutionGuid = {868BB42B-F593-4D4B-B570-F729EBF57B31}
	EndGlobalSection
EndGlobal
